
Microsoft Visual Studio Solution File, Format Version 12.00
# Visual Studio Version 16
VisualStudioVersion = 16.0.31205.134
MinimumVisualStudioVersion = 10.0.40219.1
Project("{9A19103F-16F7-4668-BE54-9A1E7A4F7556}") = "ImageMarkingApp", "ImageMarkingApp\ImageMarkingApp.csproj", "{C7EDAED1-F0CF-4E0B-8092-70C10A27DC9B}"
EndProject
Project("{2150E333-8FDC-42A3-9474-1A3956D46DE8}") = "Contracts", "Contracts", "{73380E5F-DCEA-4BB1-8763-FCC3FDF8EA03}"
EndProject
Project("{9A19103F-16F7-4668-BE54-9A1E7A4F7556}") = "ImageMarkingServiceContracs", "ImageMarkingSeeviceContracs\ImageMarkingServiceContracs.csproj", "{52B77129-0780-42EC-9B24-B2344D508C92}"
EndProject
Project("{2150E333-8FDC-42A3-9474-1A3956D46DE8}") = "DTO", "DTO", "{17960528-F1DD-4E53-BB67-3D522B0D4AFD}"
EndProject
Project("{9A19103F-16F7-4668-BE54-9A1E7A4F7556}") = "ImakeMarkingDTO", "ImakeMarkingDTO\ImakeMarkingDTO.csproj", "{14D16DAD-FAD0-497B-9B6A-6F3F788CB90F}"
EndProject
Project("{2150E333-8FDC-42A3-9474-1A3956D46DE8}") = "DAL", "DAL", "{2D9620E9-C4F1-4D5A-A9AC-5EA18531E1FF}"
EndProject
Project("{9A19103F-16F7-4668-BE54-9A1E7A4F7556}") = "SQLInfraDAL", "SQLInfraDAL\SQLInfraDAL.csproj", "{211FDB6C-06C3-4CDB-9064-BB31C551EB6C}"
EndProject
Project("{9A19103F-16F7-4668-BE54-9A1E7A4F7556}") = "DALContracts", "DALContracts\DALContracts.csproj", "{BE6AFB71-ED56-4818-851A-0A6F3F0147EB}"
EndProject
Project("{2150E333-8FDC-42A3-9474-1A3956D46DE8}") = "Services", "Services", "{D27B3B1D-CAB3-4130-BEA2-59FB810F7E98}"
EndProject
Project("{9A19103F-16F7-4668-BE54-9A1E7A4F7556}") = "UserServiceImpl", "UserServiceImpl\UserServiceImpl.csproj", "{1F2035B0-690E-40BE-996D-723D3CE25FD4}"
EndProject
Project("{9A19103F-16F7-4668-BE54-9A1E7A4F7556}") = "DocumentServiceImpl", "DocumentServiceImpl\DocumentServiceImpl.csproj", "{612A8B8F-6A78-4C63-8F6C-0E55DFAD7D42}"
EndProject
Project("{9A19103F-16F7-4668-BE54-9A1E7A4F7556}") = "MarkerServiceImpl", "MarkerServiceImpl\MarkerServiceImpl.csproj", "{91B84CD5-23FC-40D1-8A5C-8C7A4BF103E4}"
EndProject
Project("{FAE04EC0-301F-11D3-BF4B-00C04F79EFBC}") = "SharingServiceImpl", "SharingServiceImpl\SharingServiceImpl.csproj", "{84D1687D-FB10-4283-BFC7-78563A1B473C}"
EndProject
Global
	GlobalSection(SolutionConfigurationPlatforms) = preSolution
		Debug|Any CPU = Debug|Any CPU
		Release|Any CPU = Release|Any CPU
	EndGlobalSection
	GlobalSection(ProjectConfigurationPlatforms) = postSolution
		{C7EDAED1-F0CF-4E0B-8092-70C10A27DC9B}.Debug|Any CPU.ActiveCfg = Debug|Any CPU
		{C7EDAED1-F0CF-4E0B-8092-70C10A27DC9B}.Debug|Any CPU.Build.0 = Debug|Any CPU
		{C7EDAED1-F0CF-4E0B-8092-70C10A27DC9B}.Release|Any CPU.ActiveCfg = Release|Any CPU
		{C7EDAED1-F0CF-4E0B-8092-70C10A27DC9B}.Release|Any CPU.Build.0 = Release|Any CPU
		{52B77129-0780-42EC-9B24-B2344D508C92}.Debug|Any CPU.ActiveCfg = Debug|Any CPU
		{52B77129-0780-42EC-9B24-B2344D508C92}.Debug|Any CPU.Build.0 = Debug|Any CPU
		{52B77129-0780-42EC-9B24-B2344D508C92}.Release|Any CPU.ActiveCfg = Release|Any CPU
		{52B77129-0780-42EC-9B24-B2344D508C92}.Release|Any CPU.Build.0 = Release|Any CPU
		{14D16DAD-FAD0-497B-9B6A-6F3F788CB90F}.Debug|Any CPU.ActiveCfg = Debug|Any CPU
		{14D16DAD-FAD0-497B-9B6A-6F3F788CB90F}.Debug|Any CPU.Build.0 = Debug|Any CPU
		{14D16DAD-FAD0-497B-9B6A-6F3F788CB90F}.Release|Any CPU.ActiveCfg = Release|Any CPU
		{14D16DAD-FAD0-497B-9B6A-6F3F788CB90F}.Release|Any CPU.Build.0 = Release|Any CPU
		{211FDB6C-06C3-4CDB-9064-BB31C551EB6C}.Debug|Any CPU.ActiveCfg = Debug|Any CPU
		{211FDB6C-06C3-4CDB-9064-BB31C551EB6C}.Debug|Any CPU.Build.0 = Debug|Any CPU
		{211FDB6C-06C3-4CDB-9064-BB31C551EB6C}.Release|Any CPU.ActiveCfg = Release|Any CPU
		{211FDB6C-06C3-4CDB-9064-BB31C551EB6C}.Release|Any CPU.Build.0 = Release|Any CPU
		{BE6AFB71-ED56-4818-851A-0A6F3F0147EB}.Debug|Any CPU.ActiveCfg = Debug|Any CPU
		{BE6AFB71-ED56-4818-851A-0A6F3F0147EB}.Debug|Any CPU.Build.0 = Debug|Any CPU
		{BE6AFB71-ED56-4818-851A-0A6F3F0147EB}.Release|Any CPU.ActiveCfg = Release|Any CPU
		{BE6AFB71-ED56-4818-851A-0A6F3F0147EB}.Release|Any CPU.Build.0 = Release|Any CPU
		{1F2035B0-690E-40BE-996D-723D3CE25FD4}.Debug|Any CPU.ActiveCfg = Debug|Any CPU
		{1F2035B0-690E-40BE-996D-723D3CE25FD4}.Debug|Any CPU.Build.0 = Debug|Any CPU
		{1F2035B0-690E-40BE-996D-723D3CE25FD4}.Release|Any CPU.ActiveCfg = Release|Any CPU
		{1F2035B0-690E-40BE-996D-723D3CE25FD4}.Release|Any CPU.Build.0 = Release|Any CPU
		{612A8B8F-6A78-4C63-8F6C-0E55DFAD7D42}.Debug|Any CPU.ActiveCfg = Debug|Any CPU
		{612A8B8F-6A78-4C63-8F6C-0E55DFAD7D42}.Debug|Any CPU.Build.0 = Debug|Any CPU
		{612A8B8F-6A78-4C63-8F6C-0E55DFAD7D42}.Release|Any CPU.ActiveCfg = Release|Any CPU
		{612A8B8F-6A78-4C63-8F6C-0E55DFAD7D42}.Release|Any CPU.Build.0 = Release|Any CPU
		{91B84CD5-23FC-40D1-8A5C-8C7A4BF103E4}.Debug|Any CPU.ActiveCfg = Debug|Any CPU
		{91B84CD5-23FC-40D1-8A5C-8C7A4BF103E4}.Debug|Any CPU.Build.0 = Debug|Any CPU
		{91B84CD5-23FC-40D1-8A5C-8C7A4BF103E4}.Release|Any CPU.ActiveCfg = Release|Any CPU
		{91B84CD5-23FC-40D1-8A5C-8C7A4BF103E4}.Release|Any CPU.Build.0 = Release|Any CPU
		{84D1687D-FB10-4283-BFC7-78563A1B473C}.Debug|Any CPU.ActiveCfg = Debug|Any CPU
		{84D1687D-FB10-4283-BFC7-78563A1B473C}.Debug|Any CPU.Build.0 = Debug|Any CPU
		{84D1687D-FB10-4283-BFC7-78563A1B473C}.Release|Any CPU.ActiveCfg = Release|Any CPU
		{84D1687D-FB10-4283-BFC7-78563A1B473C}.Release|Any CPU.Build.0 = Release|Any CPU
	EndGlobalSection
	GlobalSection(SolutionProperties) = preSolution
		HideSolutionNode = FALSE
	EndGlobalSection
	GlobalSection(NestedProjects) = preSolution
		{52B77129-0780-42EC-9B24-B2344D508C92} = {73380E5F-DCEA-4BB1-8763-FCC3FDF8EA03}
		{14D16DAD-FAD0-497B-9B6A-6F3F788CB90F} = {17960528-F1DD-4E53-BB67-3D522B0D4AFD}
		{211FDB6C-06C3-4CDB-9064-BB31C551EB6C} = {2D9620E9-C4F1-4D5A-A9AC-5EA18531E1FF}
		{BE6AFB71-ED56-4818-851A-0A6F3F0147EB} = {2D9620E9-C4F1-4D5A-A9AC-5EA18531E1FF}
		{1F2035B0-690E-40BE-996D-723D3CE25FD4} = {D27B3B1D-CAB3-4130-BEA2-59FB810F7E98}
		{612A8B8F-6A78-4C63-8F6C-0E55DFAD7D42} = {D27B3B1D-CAB3-4130-BEA2-59FB810F7E98}
		{91B84CD5-23FC-40D1-8A5C-8C7A4BF103E4} = {D27B3B1D-CAB3-4130-BEA2-59FB810F7E98}
		{84D1687D-FB10-4283-BFC7-78563A1B473C} = {D27B3B1D-CAB3-4130-BEA2-59FB810F7E98}
	EndGlobalSection
	GlobalSection(ExtensibilityGlobals) = postSolution
		SolutionGuid = {B3711296-8395-4366-8A15-CDCB0CF012DF}
	EndGlobalSection
EndGlobal
